
Microsoft Visual Studio Solution File, Format Version 12.00
# Visual Studio Version 17
VisualStudioVersion = 17.11.35303.130
MinimumVisualStudioVersion = 10.0.40219.1
Project("{8BC9CEB8-8B4A-11D0-8D11-00A0C91BC942}") = "PCSA_MPI", "PCSA_MPI\PCSA_MPI.vcxproj", "{C02F9132-936D-43F9-B23A-3CC03BF99864}"
EndProject
Project("{8BC9CEB8-8B4A-11D0-8D11-00A0C91BC942}") = "1labOperationOnMatrix", "1labOperationOnMatrix\1labOperationOnMatrix.vcxproj", "{90C46713-4B6F-4D78-8F26-AF5A5D5E179D}"
EndProject
Global
	GlobalSection(SolutionConfigurationPlatforms) = preSolution
		Debug|x64 = Debug|x64
		Debug|x86 = Debug|x86
		Release|x64 = Release|x64
		Release|x86 = Release|x86
	EndGlobalSection
	GlobalSection(ProjectConfigurationPlatforms) = postSolution
		{C02F9132-936D-43F9-B23A-3CC03BF99864}.Debug|x64.ActiveCfg = Debug|x64
		{C02F9132-936D-43F9-B23A-3CC03BF99864}.Debug|x64.Build.0 = Debug|x64
		{C02F9132-936D-43F9-B23A-3CC03BF99864}.Debug|x86.ActiveCfg = Debug|Win32
		{C02F9132-936D-43F9-B23A-3CC03BF99864}.Debug|x86.Build.0 = Debug|Win32
		{C02F9132-936D-43F9-B23A-3CC03BF99864}.Release|x64.ActiveCfg = Release|x64
		{C02F9132-936D-43F9-B23A-3CC03BF99864}.Release|x64.Build.0 = Release|x64
		{C02F9132-936D-43F9-B23A-3CC03BF99864}.Release|x86.ActiveCfg = Release|Win32
		{C02F9132-936D-43F9-B23A-3CC03BF99864}.Release|x86.Build.0 = Release|Win32
		{90C46713-4B6F-4D78-8F26-AF5A5D5E179D}.Debug|x64.ActiveCfg = Debug|x64
		{90C46713-4B6F-4D78-8F26-AF5A5D5E179D}.Debug|x64.Build.0 = Debug|x64
		{90C46713-4B6F-4D78-8F26-AF5A5D5E179D}.Debug|x86.ActiveCfg = Debug|Win32
		{90C46713-4B6F-4D78-8F26-AF5A5D5E179D}.Debug|x86.Build.0 = Debug|Win32
		{90C46713-4B6F-4D78-8F26-AF5A5D5E179D}.Release|x64.ActiveCfg = Release|x64
		{90C46713-4B6F-4D78-8F26-AF5A5D5E179D}.Release|x64.Build.0 = Release|x64
		{90C46713-4B6F-4D78-8F26-AF5A5D5E179D}.Release|x86.ActiveCfg = Release|Win32
		{90C46713-4B6F-4D78-8F26-AF5A5D5E179D}.Release|x86.Build.0 = Release|Win32
	EndGlobalSection
	GlobalSection(SolutionProperties) = preSolution
		HideSolutionNode = FALSE
	EndGlobalSection
	GlobalSection(ExtensibilityGlobals) = postSolution
		SolutionGuid = {B6F3B111-3916-4ABD-90F0-181A7E0EB913}
	EndGlobalSection
EndGlobal
